
Microsoft Visual Studio Solution File, Format Version 12.00
# Visual Studio Version 16
VisualStudioVersion = 16.0.31624.102
MinimumVisualStudioVersion = 10.0.40219.1
Project("{FAE04EC0-301F-11D3-BF4B-00C04F79EFBC}") = "PetMeds", "PetMeds.csproj", "{54FA50FD-2931-4A81-A375-11937694EDD9}"
EndProject
Global
	GlobalSection(SolutionConfigurationPlatforms) = preSolution
		Debug|Any CPU = Debug|Any CPU
		Release|Any CPU = Release|Any CPU
	EndGlobalSection
	GlobalSection(ProjectConfigurationPlatforms) = postSolution
		{54FA50FD-2931-4A81-A375-11937694EDD9}.Debug|Any CPU.ActiveCfg = Debug|Any CPU
		{54FA50FD-2931-4A81-A375-11937694EDD9}.Debug|Any CPU.Build.0 = Debug|Any CPU
		{54FA50FD-2931-4A81-A375-11937694EDD9}.Release|Any CPU.ActiveCfg = Release|Any CPU
		{54FA50FD-2931-4A81-A375-11937694EDD9}.Release|Any CPU.Build.0 = Release|Any CPU
	EndGlobalSection
	GlobalSection(SolutionProperties) = preSolution
		HideSolutionNode = FALSE
	EndGlobalSection
	GlobalSection(ExtensibilityGlobals) = postSolution
		SolutionGuid = {5A7A93AE-E7FF-4061-8C3C-D95AF34C83F7}
	EndGlobalSection
EndGlobal
